
Microsoft Visual Studio Solution File, Format Version 12.00
# Visual Studio 2012
Project("{2150E333-8FDC-42A3-9474-1A3956D46DE8}") = "3 - View", "3 - View", "{21CADF35-8C57-4FB9-93D5-313A9AE61985}"
EndProject
Project("{2150E333-8FDC-42A3-9474-1A3956D46DE8}") = "iOS", "iOS", "{8BD02DF4-A8AE-47A2-B842-6E7EE70D08D6}"
EndProject
Project("{FAE04EC0-301F-11D3-BF4B-00C04F79EFBC}") = "JR.UI.Touch", "JR.UI.Touch\JR.UI.Touch.csproj", "{7907C17C-6555-49D8-95B4-85DA8380C804}"
EndProject
Project("{2150E333-8FDC-42A3-9474-1A3956D46DE8}") = "Android", "Android", "{2976A286-D571-46BD-9F64-C4DC84313FD6}"
EndProject
Project("{FAE04EC0-301F-11D3-BF4B-00C04F79EFBC}") = "JR.UI.Droid", "JR.Droid\JR.UI.Droid.csproj", "{E9CC3E5B-10E8-4AB6-B63F-87854BBCFF3F}"
EndProject
Project("{2150E333-8FDC-42A3-9474-1A3956D46DE8}") = "WindowsPhone", "WindowsPhone", "{82388D57-CB57-4323-A9C5-5353A4C636BD}"
EndProject
Project("{FAE04EC0-301F-11D3-BF4B-00C04F79EFBC}") = "JR.UI.WP7", "JR.UI.WP7\JR.UI.WP7.csproj", "{B510D8D0-2B3F-44C4-BD01-15E520FFDDA3}"
EndProject
Project("{2150E333-8FDC-42A3-9474-1A3956D46DE8}") = "2 - ViewModel", "2 - ViewModel", "{07F9268D-356D-4B1F-A841-A2C83872D867}"
EndProject
Project("{2150E333-8FDC-42A3-9474-1A3956D46DE8}") = "2.2 - Presentation", "2.2 - Presentation", "{09F06908-EE2D-4DAA-9EA3-8F4F27C7DA0A}"
EndProject
Project("{FAE04EC0-301F-11D3-BF4B-00C04F79EFBC}") = "JR.Core", "JR.Core\JR.Core.csproj", "{1C9864AA-BB08-4AFB-BFF2-9EA705A69ED0}"
EndProject
Project("{2150E333-8FDC-42A3-9474-1A3956D46DE8}") = "2.1 - SL", "2.1 - SL", "{01B9D037-C24F-44C2-819A-64B7C1C0D95B}"
EndProject
Project("{FAE04EC0-301F-11D3-BF4B-00C04F79EFBC}") = "JR.SL.Service", "JR.SL.Services\JR.SL.Service.csproj", "{56663AA8-63D5-41F1-A7C2-5C6258F16990}"
EndProject
Project("{FAE04EC0-301F-11D3-BF4B-00C04F79EFBC}") = "JR.SL.DTO", "JR.SL.DTO\JR.SL.DTO.csproj", "{408C0D22-1E91-451E-8A6E-AA49D37C6BDF}"
EndProject
Project("{2150E333-8FDC-42A3-9474-1A3956D46DE8}") = "1 - Model", "1 - Model", "{785C6BE2-5AFD-47A7-B604-EFE3FEC3E7AD}"
EndProject
Project("{2150E333-8FDC-42A3-9474-1A3956D46DE8}") = "1.2 - DAL", "1.2 - DAL", "{294312DA-5385-4D84-BA88-01EB868E28F0}"
EndProject
Project("{FAE04EC0-301F-11D3-BF4B-00C04F79EFBC}") = "JR.DAL.Repository", "JR.DAL.Repository\JR.DAL.Repository.csproj", "{85F36B79-2625-474A-A97C-0FCBE4A9E28E}"
EndProject
Project("{FAE04EC0-301F-11D3-BF4B-00C04F79EFBC}") = "JR.DAL.Persistence", "JR.DAL.Persistence\JR.DAL.Persistence.csproj", "{2803EBC0-0E13-4E46-820A-CF662A011F17}"
EndProject
Project("{2150E333-8FDC-42A3-9474-1A3956D46DE8}") = "1.1 - DL", "1.1 - DL", "{343F86E1-9CAD-4F70-9ECE-729D8F6810DC}"
EndProject
Project("{FAE04EC0-301F-11D3-BF4B-00C04F79EFBC}") = "JR.DL.Model", "JR.DL.Model\JR.DL.Model.csproj", "{163419E1-C0D5-4BDF-B59E-7B058B8596A3}"
EndProject
Global
	GlobalSection(SolutionConfigurationPlatforms) = preSolution
		AdHoc|Any CPU = AdHoc|Any CPU
		AdHoc|iPhone = AdHoc|iPhone
		AdHoc|iPhoneSimulator = AdHoc|iPhoneSimulator
		AdHoc|Mixed Platforms = AdHoc|Mixed Platforms
		Debug|Any CPU = Debug|Any CPU
		Debug|iPhone = Debug|iPhone
		Debug|iPhoneSimulator = Debug|iPhoneSimulator
		Debug|Mixed Platforms = Debug|Mixed Platforms
		Release|Any CPU = Release|Any CPU
		Release|iPhone = Release|iPhone
		Release|iPhoneSimulator = Release|iPhoneSimulator
		Release|Mixed Platforms = Release|Mixed Platforms
	EndGlobalSection
	GlobalSection(ProjectConfigurationPlatforms) = postSolution
		{163419E1-C0D5-4BDF-B59E-7B058B8596A3}.AdHoc|Any CPU.ActiveCfg = Release|Any CPU
		{163419E1-C0D5-4BDF-B59E-7B058B8596A3}.AdHoc|Any CPU.Build.0 = Release|Any CPU
		{163419E1-C0D5-4BDF-B59E-7B058B8596A3}.AdHoc|iPhone.ActiveCfg = Release|Any CPU
		{163419E1-C0D5-4BDF-B59E-7B058B8596A3}.AdHoc|iPhone.Build.0 = Release|Any CPU
		{163419E1-C0D5-4BDF-B59E-7B058B8596A3}.AdHoc|iPhoneSimulator.ActiveCfg = Release|Any CPU
		{163419E1-C0D5-4BDF-B59E-7B058B8596A3}.AdHoc|iPhoneSimulator.Build.0 = Release|Any CPU
		{163419E1-C0D5-4BDF-B59E-7B058B8596A3}.AdHoc|Mixed Platforms.ActiveCfg = Release|Any CPU
		{163419E1-C0D5-4BDF-B59E-7B058B8596A3}.AdHoc|Mixed Platforms.Build.0 = Release|Any CPU
		{163419E1-C0D5-4BDF-B59E-7B058B8596A3}.Debug|Any CPU.ActiveCfg = Debug|Any CPU
		{163419E1-C0D5-4BDF-B59E-7B058B8596A3}.Debug|Any CPU.Build.0 = Debug|Any CPU
		{163419E1-C0D5-4BDF-B59E-7B058B8596A3}.Debug|iPhone.ActiveCfg = Debug|Any CPU
		{163419E1-C0D5-4BDF-B59E-7B058B8596A3}.Debug|iPhone.Build.0 = Debug|Any CPU
		{163419E1-C0D5-4BDF-B59E-7B058B8596A3}.Debug|iPhoneSimulator.ActiveCfg = Debug|Any CPU
		{163419E1-C0D5-4BDF-B59E-7B058B8596A3}.Debug|iPhoneSimulator.Build.0 = Debug|Any CPU
		{163419E1-C0D5-4BDF-B59E-7B058B8596A3}.Debug|Mixed Platforms.ActiveCfg = Debug|Any CPU
		{163419E1-C0D5-4BDF-B59E-7B058B8596A3}.Debug|Mixed Platforms.Build.0 = Debug|Any CPU
		{163419E1-C0D5-4BDF-B59E-7B058B8596A3}.Release|Any CPU.ActiveCfg = Release|Any CPU
		{163419E1-C0D5-4BDF-B59E-7B058B8596A3}.Release|Any CPU.Build.0 = Release|Any CPU
		{163419E1-C0D5-4BDF-B59E-7B058B8596A3}.Release|iPhone.ActiveCfg = Release|Any CPU
		{163419E1-C0D5-4BDF-B59E-7B058B8596A3}.Release|iPhone.Build.0 = Release|Any CPU
		{163419E1-C0D5-4BDF-B59E-7B058B8596A3}.Release|iPhoneSimulator.ActiveCfg = Release|Any CPU
		{163419E1-C0D5-4BDF-B59E-7B058B8596A3}.Release|iPhoneSimulator.Build.0 = Release|Any CPU
		{163419E1-C0D5-4BDF-B59E-7B058B8596A3}.Release|Mixed Platforms.ActiveCfg = Release|Any CPU
		{163419E1-C0D5-4BDF-B59E-7B058B8596A3}.Release|Mixed Platforms.Build.0 = Release|Any CPU
		{1C9864AA-BB08-4AFB-BFF2-9EA705A69ED0}.AdHoc|Any CPU.ActiveCfg = Release|Any CPU
		{1C9864AA-BB08-4AFB-BFF2-9EA705A69ED0}.AdHoc|Any CPU.Build.0 = Release|Any CPU
		{1C9864AA-BB08-4AFB-BFF2-9EA705A69ED0}.AdHoc|iPhone.ActiveCfg = Release|Any CPU
		{1C9864AA-BB08-4AFB-BFF2-9EA705A69ED0}.AdHoc|iPhone.Build.0 = Release|Any CPU
		{1C9864AA-BB08-4AFB-BFF2-9EA705A69ED0}.AdHoc|iPhoneSimulator.ActiveCfg = Release|Any CPU
		{1C9864AA-BB08-4AFB-BFF2-9EA705A69ED0}.AdHoc|iPhoneSimulator.Build.0 = Release|Any CPU
		{1C9864AA-BB08-4AFB-BFF2-9EA705A69ED0}.AdHoc|Mixed Platforms.ActiveCfg = Release|Any CPU
		{1C9864AA-BB08-4AFB-BFF2-9EA705A69ED0}.AdHoc|Mixed Platforms.Build.0 = Release|Any CPU
		{1C9864AA-BB08-4AFB-BFF2-9EA705A69ED0}.Debug|Any CPU.ActiveCfg = Debug|Any CPU
		{1C9864AA-BB08-4AFB-BFF2-9EA705A69ED0}.Debug|Any CPU.Build.0 = Debug|Any CPU
		{1C9864AA-BB08-4AFB-BFF2-9EA705A69ED0}.Debug|iPhone.ActiveCfg = Debug|Any CPU
		{1C9864AA-BB08-4AFB-BFF2-9EA705A69ED0}.Debug|iPhone.Build.0 = Debug|Any CPU
		{1C9864AA-BB08-4AFB-BFF2-9EA705A69ED0}.Debug|iPhoneSimulator.ActiveCfg = Debug|Any CPU
		{1C9864AA-BB08-4AFB-BFF2-9EA705A69ED0}.Debug|iPhoneSimulator.Build.0 = Debug|Any CPU
		{1C9864AA-BB08-4AFB-BFF2-9EA705A69ED0}.Debug|Mixed Platforms.ActiveCfg = Debug|Any CPU
		{1C9864AA-BB08-4AFB-BFF2-9EA705A69ED0}.Debug|Mixed Platforms.Build.0 = Debug|Any CPU
		{1C9864AA-BB08-4AFB-BFF2-9EA705A69ED0}.Release|Any CPU.ActiveCfg = Release|Any CPU
		{1C9864AA-BB08-4AFB-BFF2-9EA705A69ED0}.Release|Any CPU.Build.0 = Release|Any CPU
		{1C9864AA-BB08-4AFB-BFF2-9EA705A69ED0}.Release|iPhone.ActiveCfg = Release|Any CPU
		{1C9864AA-BB08-4AFB-BFF2-9EA705A69ED0}.Release|iPhone.Build.0 = Release|Any CPU
		{1C9864AA-BB08-4AFB-BFF2-9EA705A69ED0}.Release|iPhoneSimulator.ActiveCfg = Release|Any CPU
		{1C9864AA-BB08-4AFB-BFF2-9EA705A69ED0}.Release|iPhoneSimulator.Build.0 = Release|Any CPU
		{1C9864AA-BB08-4AFB-BFF2-9EA705A69ED0}.Release|Mixed Platforms.ActiveCfg = Release|Any CPU
		{1C9864AA-BB08-4AFB-BFF2-9EA705A69ED0}.Release|Mixed Platforms.Build.0 = Release|Any CPU
		{2803EBC0-0E13-4E46-820A-CF662A011F17}.AdHoc|Any CPU.ActiveCfg = Release|Any CPU
		{2803EBC0-0E13-4E46-820A-CF662A011F17}.AdHoc|Any CPU.Build.0 = Release|Any CPU
		{2803EBC0-0E13-4E46-820A-CF662A011F17}.AdHoc|iPhone.ActiveCfg = Release|Any CPU
		{2803EBC0-0E13-4E46-820A-CF662A011F17}.AdHoc|iPhone.Build.0 = Release|Any CPU
		{2803EBC0-0E13-4E46-820A-CF662A011F17}.AdHoc|iPhoneSimulator.ActiveCfg = Release|Any CPU
		{2803EBC0-0E13-4E46-820A-CF662A011F17}.AdHoc|iPhoneSimulator.Build.0 = Release|Any CPU
		{2803EBC0-0E13-4E46-820A-CF662A011F17}.AdHoc|Mixed Platforms.ActiveCfg = Release|Any CPU
		{2803EBC0-0E13-4E46-820A-CF662A011F17}.AdHoc|Mixed Platforms.Build.0 = Release|Any CPU
		{2803EBC0-0E13-4E46-820A-CF662A011F17}.Debug|Any CPU.ActiveCfg = Debug|Any CPU
		{2803EBC0-0E13-4E46-820A-CF662A011F17}.Debug|Any CPU.Build.0 = Debug|Any CPU
		{2803EBC0-0E13-4E46-820A-CF662A011F17}.Debug|iPhone.ActiveCfg = Debug|Any CPU
		{2803EBC0-0E13-4E46-820A-CF662A011F17}.Debug|iPhone.Build.0 = Debug|Any CPU
		{2803EBC0-0E13-4E46-820A-CF662A011F17}.Debug|iPhoneSimulator.ActiveCfg = Debug|Any CPU
		{2803EBC0-0E13-4E46-820A-CF662A011F17}.Debug|iPhoneSimulator.Build.0 = Debug|Any CPU
		{2803EBC0-0E13-4E46-820A-CF662A011F17}.Debug|Mixed Platforms.ActiveCfg = Debug|Any CPU
		{2803EBC0-0E13-4E46-820A-CF662A011F17}.Debug|Mixed Platforms.Build.0 = Debug|Any CPU
		{2803EBC0-0E13-4E46-820A-CF662A011F17}.Release|Any CPU.ActiveCfg = Release|Any CPU
		{2803EBC0-0E13-4E46-820A-CF662A011F17}.Release|Any CPU.Build.0 = Release|Any CPU
		{2803EBC0-0E13-4E46-820A-CF662A011F17}.Release|iPhone.ActiveCfg = Release|Any CPU
		{2803EBC0-0E13-4E46-820A-CF662A011F17}.Release|iPhone.Build.0 = Release|Any CPU
		{2803EBC0-0E13-4E46-820A-CF662A011F17}.Release|iPhoneSimulator.ActiveCfg = Release|Any CPU
		{2803EBC0-0E13-4E46-820A-CF662A011F17}.Release|iPhoneSimulator.Build.0 = Release|Any CPU
		{2803EBC0-0E13-4E46-820A-CF662A011F17}.Release|Mixed Platforms.ActiveCfg = Release|Any CPU
		{2803EBC0-0E13-4E46-820A-CF662A011F17}.Release|Mixed Platforms.Build.0 = Release|Any CPU
		{408C0D22-1E91-451E-8A6E-AA49D37C6BDF}.AdHoc|Any CPU.ActiveCfg = Release|Any CPU
		{408C0D22-1E91-451E-8A6E-AA49D37C6BDF}.AdHoc|Any CPU.Build.0 = Release|Any CPU
		{408C0D22-1E91-451E-8A6E-AA49D37C6BDF}.AdHoc|iPhone.ActiveCfg = Release|Any CPU
		{408C0D22-1E91-451E-8A6E-AA49D37C6BDF}.AdHoc|iPhone.Build.0 = Release|Any CPU
		{408C0D22-1E91-451E-8A6E-AA49D37C6BDF}.AdHoc|iPhoneSimulator.ActiveCfg = Release|Any CPU
		{408C0D22-1E91-451E-8A6E-AA49D37C6BDF}.AdHoc|iPhoneSimulator.Build.0 = Release|Any CPU
		{408C0D22-1E91-451E-8A6E-AA49D37C6BDF}.AdHoc|Mixed Platforms.ActiveCfg = Release|Any CPU
		{408C0D22-1E91-451E-8A6E-AA49D37C6BDF}.AdHoc|Mixed Platforms.Build.0 = Release|Any CPU
		{408C0D22-1E91-451E-8A6E-AA49D37C6BDF}.Debug|Any CPU.ActiveCfg = Debug|Any CPU
		{408C0D22-1E91-451E-8A6E-AA49D37C6BDF}.Debug|Any CPU.Build.0 = Debug|Any CPU
		{408C0D22-1E91-451E-8A6E-AA49D37C6BDF}.Debug|iPhone.ActiveCfg = Debug|Any CPU
		{408C0D22-1E91-451E-8A6E-AA49D37C6BDF}.Debug|iPhone.Build.0 = Debug|Any CPU
		{408C0D22-1E91-451E-8A6E-AA49D37C6BDF}.Debug|iPhoneSimulator.ActiveCfg = Debug|Any CPU
		{408C0D22-1E91-451E-8A6E-AA49D37C6BDF}.Debug|iPhoneSimulator.Build.0 = Debug|Any CPU
		{408C0D22-1E91-451E-8A6E-AA49D37C6BDF}.Debug|Mixed Platforms.ActiveCfg = Debug|Any CPU
		{408C0D22-1E91-451E-8A6E-AA49D37C6BDF}.Debug|Mixed Platforms.Build.0 = Debug|Any CPU
		{408C0D22-1E91-451E-8A6E-AA49D37C6BDF}.Release|Any CPU.ActiveCfg = Release|Any CPU
		{408C0D22-1E91-451E-8A6E-AA49D37C6BDF}.Release|Any CPU.Build.0 = Release|Any CPU
		{408C0D22-1E91-451E-8A6E-AA49D37C6BDF}.Release|iPhone.ActiveCfg = Release|Any CPU
		{408C0D22-1E91-451E-8A6E-AA49D37C6BDF}.Release|iPhone.Build.0 = Release|Any CPU
		{408C0D22-1E91-451E-8A6E-AA49D37C6BDF}.Release|iPhoneSimulator.ActiveCfg = Release|Any CPU
		{408C0D22-1E91-451E-8A6E-AA49D37C6BDF}.Release|iPhoneSimulator.Build.0 = Release|Any CPU
		{408C0D22-1E91-451E-8A6E-AA49D37C6BDF}.Release|Mixed Platforms.ActiveCfg = Release|Any CPU
		{408C0D22-1E91-451E-8A6E-AA49D37C6BDF}.Release|Mixed Platforms.Build.0 = Release|Any CPU
		{56663AA8-63D5-41F1-A7C2-5C6258F16990}.AdHoc|Any CPU.ActiveCfg = Release|Any CPU
		{56663AA8-63D5-41F1-A7C2-5C6258F16990}.AdHoc|Any CPU.Build.0 = Release|Any CPU
		{56663AA8-63D5-41F1-A7C2-5C6258F16990}.AdHoc|iPhone.ActiveCfg = Release|Any CPU
		{56663AA8-63D5-41F1-A7C2-5C6258F16990}.AdHoc|iPhone.Build.0 = Release|Any CPU
		{56663AA8-63D5-41F1-A7C2-5C6258F16990}.AdHoc|iPhoneSimulator.ActiveCfg = Release|Any CPU
		{56663AA8-63D5-41F1-A7C2-5C6258F16990}.AdHoc|iPhoneSimulator.Build.0 = Release|Any CPU
		{56663AA8-63D5-41F1-A7C2-5C6258F16990}.AdHoc|Mixed Platforms.ActiveCfg = Release|Any CPU
		{56663AA8-63D5-41F1-A7C2-5C6258F16990}.AdHoc|Mixed Platforms.Build.0 = Release|Any CPU
		{56663AA8-63D5-41F1-A7C2-5C6258F16990}.Debug|Any CPU.ActiveCfg = Debug|Any CPU
		{56663AA8-63D5-41F1-A7C2-5C6258F16990}.Debug|Any CPU.Build.0 = Debug|Any CPU
		{56663AA8-63D5-41F1-A7C2-5C6258F16990}.Debug|iPhone.ActiveCfg = Debug|Any CPU
		{56663AA8-63D5-41F1-A7C2-5C6258F16990}.Debug|iPhone.Build.0 = Debug|Any CPU
		{56663AA8-63D5-41F1-A7C2-5C6258F16990}.Debug|iPhoneSimulator.ActiveCfg = Debug|Any CPU
		{56663AA8-63D5-41F1-A7C2-5C6258F16990}.Debug|iPhoneSimulator.Build.0 = Debug|Any CPU
		{56663AA8-63D5-41F1-A7C2-5C6258F16990}.Debug|Mixed Platforms.ActiveCfg = Debug|Any CPU
		{56663AA8-63D5-41F1-A7C2-5C6258F16990}.Debug|Mixed Platforms.Build.0 = Debug|Any CPU
		{56663AA8-63D5-41F1-A7C2-5C6258F16990}.Release|Any CPU.ActiveCfg = Release|Any CPU
		{56663AA8-63D5-41F1-A7C2-5C6258F16990}.Release|Any CPU.Build.0 = Release|Any CPU
		{56663AA8-63D5-41F1-A7C2-5C6258F16990}.Release|iPhone.ActiveCfg = Release|Any CPU
		{56663AA8-63D5-41F1-A7C2-5C6258F16990}.Release|iPhone.Build.0 = Release|Any CPU
		{56663AA8-63D5-41F1-A7C2-5C6258F16990}.Release|iPhoneSimulator.ActiveCfg = Release|Any CPU
		{56663AA8-63D5-41F1-A7C2-5C6258F16990}.Release|iPhoneSimulator.Build.0 = Release|Any CPU
		{56663AA8-63D5-41F1-A7C2-5C6258F16990}.Release|Mixed Platforms.ActiveCfg = Release|Any CPU
		{56663AA8-63D5-41F1-A7C2-5C6258F16990}.Release|Mixed Platforms.Build.0 = Release|Any CPU
		{7907C17C-6555-49D8-95B4-85DA8380C804}.AdHoc|Any CPU.ActiveCfg = AdHoc|iPhone
		{7907C17C-6555-49D8-95B4-85DA8380C804}.AdHoc|Any CPU.Build.0 = AdHoc|iPhone
		{7907C17C-6555-49D8-95B4-85DA8380C804}.AdHoc|iPhone.ActiveCfg = AdHoc|iPhone
		{7907C17C-6555-49D8-95B4-85DA8380C804}.AdHoc|iPhone.Build.0 = AdHoc|iPhone
		{7907C17C-6555-49D8-95B4-85DA8380C804}.AdHoc|iPhoneSimulator.ActiveCfg = AdHoc|iPhoneSimulator
		{7907C17C-6555-49D8-95B4-85DA8380C804}.AdHoc|iPhoneSimulator.Build.0 = AdHoc|iPhoneSimulator
		{7907C17C-6555-49D8-95B4-85DA8380C804}.AdHoc|Mixed Platforms.ActiveCfg = AdHoc|iPhone
		{7907C17C-6555-49D8-95B4-85DA8380C804}.AdHoc|Mixed Platforms.Build.0 = AdHoc|iPhone
		{7907C17C-6555-49D8-95B4-85DA8380C804}.Debug|Any CPU.ActiveCfg = Debug|iPhoneSimulator
		{7907C17C-6555-49D8-95B4-85DA8380C804}.Debug|Any CPU.Build.0 = Debug|iPhoneSimulator
		{7907C17C-6555-49D8-95B4-85DA8380C804}.Debug|iPhone.ActiveCfg = Debug|iPhone
		{7907C17C-6555-49D8-95B4-85DA8380C804}.Debug|iPhone.Build.0 = Debug|iPhone
		{7907C17C-6555-49D8-95B4-85DA8380C804}.Debug|iPhoneSimulator.ActiveCfg = Debug|iPhoneSimulator
		{7907C17C-6555-49D8-95B4-85DA8380C804}.Debug|iPhoneSimulator.Build.0 = Debug|iPhoneSimulator
		{7907C17C-6555-49D8-95B4-85DA8380C804}.Debug|Mixed Platforms.ActiveCfg = Debug|iPhoneSimulator
		{7907C17C-6555-49D8-95B4-85DA8380C804}.Debug|Mixed Platforms.Build.0 = Debug|iPhoneSimulator
		{7907C17C-6555-49D8-95B4-85DA8380C804}.Release|Any CPU.ActiveCfg = Release|iPhoneSimulator
		{7907C17C-6555-49D8-95B4-85DA8380C804}.Release|Any CPU.Build.0 = Release|iPhoneSimulator
		{7907C17C-6555-49D8-95B4-85DA8380C804}.Release|iPhone.ActiveCfg = Release|iPhone
		{7907C17C-6555-49D8-95B4-85DA8380C804}.Release|iPhone.Build.0 = Release|iPhone
		{7907C17C-6555-49D8-95B4-85DA8380C804}.Release|iPhoneSimulator.ActiveCfg = Release|iPhoneSimulator
		{7907C17C-6555-49D8-95B4-85DA8380C804}.Release|iPhoneSimulator.Build.0 = Release|iPhoneSimulator
		{7907C17C-6555-49D8-95B4-85DA8380C804}.Release|Mixed Platforms.ActiveCfg = Release|iPhoneSimulator
		{7907C17C-6555-49D8-95B4-85DA8380C804}.Release|Mixed Platforms.Build.0 = Release|iPhoneSimulator
		{85F36B79-2625-474A-A97C-0FCBE4A9E28E}.AdHoc|Any CPU.ActiveCfg = Release|Any CPU
		{85F36B79-2625-474A-A97C-0FCBE4A9E28E}.AdHoc|Any CPU.Build.0 = Release|Any CPU
		{85F36B79-2625-474A-A97C-0FCBE4A9E28E}.AdHoc|iPhone.ActiveCfg = Release|Any CPU
		{85F36B79-2625-474A-A97C-0FCBE4A9E28E}.AdHoc|iPhone.Build.0 = Release|Any CPU
		{85F36B79-2625-474A-A97C-0FCBE4A9E28E}.AdHoc|iPhoneSimulator.ActiveCfg = Release|Any CPU
		{85F36B79-2625-474A-A97C-0FCBE4A9E28E}.AdHoc|iPhoneSimulator.Build.0 = Release|Any CPU
		{85F36B79-2625-474A-A97C-0FCBE4A9E28E}.AdHoc|Mixed Platforms.ActiveCfg = Release|Any CPU
		{85F36B79-2625-474A-A97C-0FCBE4A9E28E}.AdHoc|Mixed Platforms.Build.0 = Release|Any CPU
		{85F36B79-2625-474A-A97C-0FCBE4A9E28E}.Debug|Any CPU.ActiveCfg = Debug|Any CPU
		{85F36B79-2625-474A-A97C-0FCBE4A9E28E}.Debug|Any CPU.Build.0 = Debug|Any CPU
		{85F36B79-2625-474A-A97C-0FCBE4A9E28E}.Debug|iPhone.ActiveCfg = Debug|Any CPU
		{85F36B79-2625-474A-A97C-0FCBE4A9E28E}.Debug|iPhone.Build.0 = Debug|Any CPU
		{85F36B79-2625-474A-A97C-0FCBE4A9E28E}.Debug|iPhoneSimulator.ActiveCfg = Debug|Any CPU
		{85F36B79-2625-474A-A97C-0FCBE4A9E28E}.Debug|iPhoneSimulator.Build.0 = Debug|Any CPU
		{85F36B79-2625-474A-A97C-0FCBE4A9E28E}.Debug|Mixed Platforms.ActiveCfg = Debug|Any CPU
		{85F36B79-2625-474A-A97C-0FCBE4A9E28E}.Debug|Mixed Platforms.Build.0 = Debug|Any CPU
		{85F36B79-2625-474A-A97C-0FCBE4A9E28E}.Release|Any CPU.ActiveCfg = Release|Any CPU
		{85F36B79-2625-474A-A97C-0FCBE4A9E28E}.Release|Any CPU.Build.0 = Release|Any CPU
		{85F36B79-2625-474A-A97C-0FCBE4A9E28E}.Release|iPhone.ActiveCfg = Release|Any CPU
		{85F36B79-2625-474A-A97C-0FCBE4A9E28E}.Release|iPhone.Build.0 = Release|Any CPU
		{85F36B79-2625-474A-A97C-0FCBE4A9E28E}.Release|iPhoneSimulator.ActiveCfg = Release|Any CPU
		{85F36B79-2625-474A-A97C-0FCBE4A9E28E}.Release|iPhoneSimulator.Build.0 = Release|Any CPU
		{85F36B79-2625-474A-A97C-0FCBE4A9E28E}.Release|Mixed Platforms.ActiveCfg = Release|Any CPU
		{85F36B79-2625-474A-A97C-0FCBE4A9E28E}.Release|Mixed Platforms.Build.0 = Release|Any CPU
		{B510D8D0-2B3F-44C4-BD01-15E520FFDDA3}.AdHoc|Any CPU.ActiveCfg = Release|Any CPU
		{B510D8D0-2B3F-44C4-BD01-15E520FFDDA3}.AdHoc|Any CPU.Build.0 = Release|Any CPU
		{B510D8D0-2B3F-44C4-BD01-15E520FFDDA3}.AdHoc|Any CPU.Deploy.0 = Release|Any CPU
		{B510D8D0-2B3F-44C4-BD01-15E520FFDDA3}.AdHoc|iPhone.ActiveCfg = Release|Any CPU
		{B510D8D0-2B3F-44C4-BD01-15E520FFDDA3}.AdHoc|iPhoneSimulator.ActiveCfg = Release|Any CPU
		{B510D8D0-2B3F-44C4-BD01-15E520FFDDA3}.AdHoc|Mixed Platforms.ActiveCfg = Release|Any CPU
		{B510D8D0-2B3F-44C4-BD01-15E520FFDDA3}.AdHoc|Mixed Platforms.Build.0 = Release|Any CPU
		{B510D8D0-2B3F-44C4-BD01-15E520FFDDA3}.AdHoc|Mixed Platforms.Deploy.0 = Release|Any CPU
		{B510D8D0-2B3F-44C4-BD01-15E520FFDDA3}.Debug|Any CPU.ActiveCfg = Debug|Any CPU
		{B510D8D0-2B3F-44C4-BD01-15E520FFDDA3}.Debug|Any CPU.Build.0 = Debug|Any CPU
		{B510D8D0-2B3F-44C4-BD01-15E520FFDDA3}.Debug|Any CPU.Deploy.0 = Debug|Any CPU
		{B510D8D0-2B3F-44C4-BD01-15E520FFDDA3}.Debug|iPhone.ActiveCfg = Debug|Any CPU
		{B510D8D0-2B3F-44C4-BD01-15E520FFDDA3}.Debug|iPhoneSimulator.ActiveCfg = Debug|Any CPU
		{B510D8D0-2B3F-44C4-BD01-15E520FFDDA3}.Debug|Mixed Platforms.ActiveCfg = Debug|Any CPU
		{B510D8D0-2B3F-44C4-BD01-15E520FFDDA3}.Debug|Mixed Platforms.Build.0 = Debug|Any CPU
		{B510D8D0-2B3F-44C4-BD01-15E520FFDDA3}.Debug|Mixed Platforms.Deploy.0 = Debug|Any CPU
		{B510D8D0-2B3F-44C4-BD01-15E520FFDDA3}.Release|Any CPU.ActiveCfg = Release|Any CPU
		{B510D8D0-2B3F-44C4-BD01-15E520FFDDA3}.Release|Any CPU.Build.0 = Release|Any CPU
		{B510D8D0-2B3F-44C4-BD01-15E520FFDDA3}.Release|Any CPU.Deploy.0 = Release|Any CPU
		{B510D8D0-2B3F-44C4-BD01-15E520FFDDA3}.Release|iPhone.ActiveCfg = Release|Any CPU
		{B510D8D0-2B3F-44C4-BD01-15E520FFDDA3}.Release|iPhoneSimulator.ActiveCfg = Release|Any CPU
		{B510D8D0-2B3F-44C4-BD01-15E520FFDDA3}.Release|Mixed Platforms.ActiveCfg = Release|Any CPU
		{B510D8D0-2B3F-44C4-BD01-15E520FFDDA3}.Release|Mixed Platforms.Build.0 = Release|Any CPU
		{B510D8D0-2B3F-44C4-BD01-15E520FFDDA3}.Release|Mixed Platforms.Deploy.0 = Release|Any CPU
		{E9CC3E5B-10E8-4AB6-B63F-87854BBCFF3F}.AdHoc|Any CPU.ActiveCfg = Release|Any CPU
		{E9CC3E5B-10E8-4AB6-B63F-87854BBCFF3F}.AdHoc|Any CPU.Build.0 = Release|Any CPU
		{E9CC3E5B-10E8-4AB6-B63F-87854BBCFF3F}.AdHoc|iPhone.ActiveCfg = Release|Any CPU
		{E9CC3E5B-10E8-4AB6-B63F-87854BBCFF3F}.AdHoc|iPhone.Build.0 = Release|Any CPU
		{E9CC3E5B-10E8-4AB6-B63F-87854BBCFF3F}.AdHoc|iPhoneSimulator.ActiveCfg = Release|Any CPU
		{E9CC3E5B-10E8-4AB6-B63F-87854BBCFF3F}.AdHoc|iPhoneSimulator.Build.0 = Release|Any CPU
		{E9CC3E5B-10E8-4AB6-B63F-87854BBCFF3F}.AdHoc|Mixed Platforms.ActiveCfg = Release|Any CPU
		{E9CC3E5B-10E8-4AB6-B63F-87854BBCFF3F}.AdHoc|Mixed Platforms.Build.0 = Release|Any CPU
		{E9CC3E5B-10E8-4AB6-B63F-87854BBCFF3F}.Debug|Any CPU.ActiveCfg = Debug|Any CPU
		{E9CC3E5B-10E8-4AB6-B63F-87854BBCFF3F}.Debug|Any CPU.Build.0 = Debug|Any CPU
		{E9CC3E5B-10E8-4AB6-B63F-87854BBCFF3F}.Debug|iPhone.ActiveCfg = Debug|Any CPU
		{E9CC3E5B-10E8-4AB6-B63F-87854BBCFF3F}.Debug|iPhone.Build.0 = Debug|Any CPU
		{E9CC3E5B-10E8-4AB6-B63F-87854BBCFF3F}.Debug|iPhoneSimulator.ActiveCfg = Debug|Any CPU
		{E9CC3E5B-10E8-4AB6-B63F-87854BBCFF3F}.Debug|iPhoneSimulator.Build.0 = Debug|Any CPU
		{E9CC3E5B-10E8-4AB6-B63F-87854BBCFF3F}.Debug|Mixed Platforms.ActiveCfg = Debug|Any CPU
		{E9CC3E5B-10E8-4AB6-B63F-87854BBCFF3F}.Debug|Mixed Platforms.Build.0 = Debug|Any CPU
		{E9CC3E5B-10E8-4AB6-B63F-87854BBCFF3F}.Release|Any CPU.ActiveCfg = Release|Any CPU
		{E9CC3E5B-10E8-4AB6-B63F-87854BBCFF3F}.Release|Any CPU.Build.0 = Release|Any CPU
		{E9CC3E5B-10E8-4AB6-B63F-87854BBCFF3F}.Release|iPhone.ActiveCfg = Release|Any CPU
		{E9CC3E5B-10E8-4AB6-B63F-87854BBCFF3F}.Release|iPhone.Build.0 = Release|Any CPU
		{E9CC3E5B-10E8-4AB6-B63F-87854BBCFF3F}.Release|iPhoneSimulator.ActiveCfg = Release|Any CPU
		{E9CC3E5B-10E8-4AB6-B63F-87854BBCFF3F}.Release|iPhoneSimulator.Build.0 = Release|Any CPU
		{E9CC3E5B-10E8-4AB6-B63F-87854BBCFF3F}.Release|Mixed Platforms.ActiveCfg = Release|Any CPU
		{E9CC3E5B-10E8-4AB6-B63F-87854BBCFF3F}.Release|Mixed Platforms.Build.0 = Release|Any CPU
	EndGlobalSection
	GlobalSection(NestedProjects) = preSolution
		{8BD02DF4-A8AE-47A2-B842-6E7EE70D08D6} = {21CADF35-8C57-4FB9-93D5-313A9AE61985}
		{2976A286-D571-46BD-9F64-C4DC84313FD6} = {21CADF35-8C57-4FB9-93D5-313A9AE61985}
		{82388D57-CB57-4323-A9C5-5353A4C636BD} = {21CADF35-8C57-4FB9-93D5-313A9AE61985}
		{7907C17C-6555-49D8-95B4-85DA8380C804} = {8BD02DF4-A8AE-47A2-B842-6E7EE70D08D6}
		{E9CC3E5B-10E8-4AB6-B63F-87854BBCFF3F} = {2976A286-D571-46BD-9F64-C4DC84313FD6}
		{B510D8D0-2B3F-44C4-BD01-15E520FFDDA3} = {82388D57-CB57-4323-A9C5-5353A4C636BD}
		{09F06908-EE2D-4DAA-9EA3-8F4F27C7DA0A} = {07F9268D-356D-4B1F-A841-A2C83872D867}
		{01B9D037-C24F-44C2-819A-64B7C1C0D95B} = {07F9268D-356D-4B1F-A841-A2C83872D867}
		{1C9864AA-BB08-4AFB-BFF2-9EA705A69ED0} = {09F06908-EE2D-4DAA-9EA3-8F4F27C7DA0A}
		{56663AA8-63D5-41F1-A7C2-5C6258F16990} = {01B9D037-C24F-44C2-819A-64B7C1C0D95B}
		{408C0D22-1E91-451E-8A6E-AA49D37C6BDF} = {01B9D037-C24F-44C2-819A-64B7C1C0D95B}
		{294312DA-5385-4D84-BA88-01EB868E28F0} = {785C6BE2-5AFD-47A7-B604-EFE3FEC3E7AD}
		{343F86E1-9CAD-4F70-9ECE-729D8F6810DC} = {785C6BE2-5AFD-47A7-B604-EFE3FEC3E7AD}
		{85F36B79-2625-474A-A97C-0FCBE4A9E28E} = {294312DA-5385-4D84-BA88-01EB868E28F0}
		{2803EBC0-0E13-4E46-820A-CF662A011F17} = {294312DA-5385-4D84-BA88-01EB868E28F0}
		{163419E1-C0D5-4BDF-B59E-7B058B8596A3} = {343F86E1-9CAD-4F70-9ECE-729D8F6810DC}
	EndGlobalSection
	GlobalSection(MonoDevelopProperties) = preSolution
		StartupItem = JR.UI.Touch\JR.UI.Touch.csproj
		Policies = $0
		$0.TextStylePolicy = $1
		$1.inheritsSet = null
		$1.scope = text/x-csharp
		$0.CSharpFormattingPolicy = $2
		$2.ElseIfNewLinePlacement = SameLine
		$2.AfterDelegateDeclarationParameterComma = True
		$2.inheritsSet = Mono
		$2.inheritsScope = text/x-csharp
		$2.scope = text/x-csharp
		$0.TextStylePolicy = $3
		$3.FileWidth = 120
		$3.TabsToSpaces = False
		$3.inheritsSet = VisualStudio
		$3.inheritsScope = text/plain
		$3.scope = text/plain
		$0.TextStylePolicy = $4
		$4.inheritsSet = null
		$4.scope = application/config+xml
		$0.XmlFormattingPolicy = $5
		$5.inheritsSet = null
		$5.scope = application/config+xml
		$0.TextStylePolicy = $6
		$6.inheritsSet = null
		$6.scope = application/xml
		$0.XmlFormattingPolicy = $7
		$7.inheritsSet = Mono
		$7.inheritsScope = application/xml
		$7.scope = application/xml
		$0.TextStylePolicy = $8
		$8.inheritsSet = null
		$8.scope = application/json
		$0.TextStylePolicy = $9
		$9.inheritsSet = null
		$9.scope = application/vnd.apple-interface-builder
		$0.XmlFormattingPolicy = $10
		$10.inheritsSet = null
		$10.scope = application/vnd.apple-interface-builder
		$0.StandardHeader = $11
		$11.Text = 
		$11.IncludeInNewFiles = True
		$0.NameConventionPolicy = $12
		$12.Rules = $13
		$13.NamingRule = $14
		$14.Name = Namespaces
		$14.AffectedEntity = Namespace
		$14.VisibilityMask = VisibilityMask
		$14.NamingStyle = PascalCase
		$14.IncludeInstanceMembers = True
		$14.IncludeStaticEntities = True
		$13.NamingRule = $15
		$15.Name = Types
		$15.AffectedEntity = Class, Struct, Enum, Delegate
		$15.VisibilityMask = Public
		$15.NamingStyle = PascalCase
		$15.IncludeInstanceMembers = True
		$15.IncludeStaticEntities = True
		$13.NamingRule = $16
		$16.Name = Interfaces
		$16.RequiredPrefixes = $17
		$17.String = I
		$16.AffectedEntity = Interface
		$16.VisibilityMask = Public
		$16.NamingStyle = PascalCase
		$16.IncludeInstanceMembers = True
		$16.IncludeStaticEntities = True
		$13.NamingRule = $18
		$18.Name = Attributes
		$18.RequiredSuffixes = $19
		$19.String = Attribute
		$18.AffectedEntity = CustomAttributes
		$18.VisibilityMask = Public
		$18.NamingStyle = PascalCase
		$18.IncludeInstanceMembers = True
		$18.IncludeStaticEntities = True
		$13.NamingRule = $20
		$20.Name = Event Arguments
		$20.RequiredSuffixes = $21
		$21.String = EventArgs
		$20.AffectedEntity = CustomEventArgs
		$20.VisibilityMask = Public
		$20.NamingStyle = PascalCase
		$20.IncludeInstanceMembers = True
		$20.IncludeStaticEntities = True
		$13.NamingRule = $22
		$22.Name = Exceptions
		$22.RequiredSuffixes = $23
		$23.String = Exception
		$22.AffectedEntity = CustomExceptions
		$22.VisibilityMask = VisibilityMask
		$22.NamingStyle = PascalCase
		$22.IncludeInstanceMembers = True
		$22.IncludeStaticEntities = True
		$13.NamingRule = $24
		$24.Name = Methods
		$24.AffectedEntity = Methods
		$24.VisibilityMask = Protected, Public
		$24.NamingStyle = PascalCase
		$24.IncludeInstanceMembers = True
		$24.IncludeStaticEntities = True
		$13.NamingRule = $25
		$25.Name = Static Readonly Fields
		$25.AffectedEntity = ReadonlyField
		$25.VisibilityMask = Protected, Public
		$25.NamingStyle = PascalCase
		$25.IncludeInstanceMembers = False
		$25.IncludeStaticEntities = True
		$13.NamingRule = $26
		$26.Name = Fields
		$26.AffectedEntity = Field
		$26.VisibilityMask = Protected, Public
		$26.NamingStyle = PascalCase
		$26.IncludeInstanceMembers = True
		$26.IncludeStaticEntities = True
		$13.NamingRule = $27
		$27.Name = ReadOnly Fields
		$27.AffectedEntity = ReadonlyField
		$27.VisibilityMask = Protected, Public
		$27.NamingStyle = PascalCase
		$27.IncludeInstanceMembers = True
		$27.IncludeStaticEntities = False
		$13.NamingRule = $28
		$28.Name = Constant Fields
		$28.AffectedEntity = ConstantField
		$28.VisibilityMask = Protected, Public
		$28.NamingStyle = PascalCase
		$28.IncludeInstanceMembers = True
		$28.IncludeStaticEntities = True
		$13.NamingRule = $29
		$29.Name = Properties
		$29.AffectedEntity = Property
		$29.VisibilityMask = Protected, Public
		$29.NamingStyle = PascalCase
		$29.IncludeInstanceMembers = True
		$29.IncludeStaticEntities = True
		$13.NamingRule = $30
		$30.Name = Events
		$30.AffectedEntity = Event
		$30.VisibilityMask = Protected, Public
		$30.NamingStyle = PascalCase
		$30.IncludeInstanceMembers = True
		$30.IncludeStaticEntities = True
		$13.NamingRule = $31
		$31.Name = Enum Members
		$31.AffectedEntity = EnumMember
		$31.VisibilityMask = VisibilityMask
		$31.NamingStyle = PascalCase
		$31.IncludeInstanceMembers = True
		$31.IncludeStaticEntities = True
		$13.NamingRule = $32
		$32.Name = Parameters
		$32.AffectedEntity = Parameter
		$32.VisibilityMask = VisibilityMask
		$32.NamingStyle = CamelCase
		$32.IncludeInstanceMembers = True
		$32.IncludeStaticEntities = True
		$13.NamingRule = $33
		$33.Name = Type Parameters
		$33.RequiredPrefixes = $34
		$34.String = T
		$33.AffectedEntity = TypeParameter
		$33.VisibilityMask = VisibilityMask
		$33.NamingStyle = PascalCase
		$33.IncludeInstanceMembers = True
		$33.IncludeStaticEntities = True
		$0.VersionControlPolicy = $35
		$35.inheritsSet = Mono
		$0.ChangeLogPolicy = $36
		$36.UpdateMode = None
		$36.MessageStyle = $37
		$37.LineAlign = 0
		$36.inheritsSet = Mono
	EndGlobalSection
	GlobalSection(SolutionProperties) = preSolution
		HideSolutionNode = FALSE
	EndGlobalSection
EndGlobal
